
Microsoft Visual Studio Solution File, Format Version 12.00
# Visual Studio Version 16
VisualStudioVersion = 16.0.29326.143
MinimumVisualStudioVersion = 10.0.40219.1
Project("{FAE04EC0-301F-11D3-BF4B-00C04F79EFBC}") = "ExtensionMethods.Library", "ExtensionMethods.Library\ExtensionMethods.Library.csproj", "{2F471A92-06E1-433F-A334-EF5666E9DC14}"
EndProject
Project("{FAE04EC0-301F-11D3-BF4B-00C04F79EFBC}") = "ExtensionMethods.Tests", "ExtensionMethods.Tests\ExtensionMethods.Tests.csproj", "{DE4C51D7-1D5E-407D-A8DB-6DF8FD08B515}"
EndProject
Global
	GlobalSection(SolutionConfigurationPlatforms) = preSolution
		Debug|Any CPU = Debug|Any CPU
		Release|Any CPU = Release|Any CPU
	EndGlobalSection
	GlobalSection(ProjectConfigurationPlatforms) = postSolution
		{2F471A92-06E1-433F-A334-EF5666E9DC14}.Debug|Any CPU.ActiveCfg = Debug|Any CPU
		{2F471A92-06E1-433F-A334-EF5666E9DC14}.Debug|Any CPU.Build.0 = Debug|Any CPU
		{2F471A92-06E1-433F-A334-EF5666E9DC14}.Release|Any CPU.ActiveCfg = Release|Any CPU
		{2F471A92-06E1-433F-A334-EF5666E9DC14}.Release|Any CPU.Build.0 = Release|Any CPU
		{DE4C51D7-1D5E-407D-A8DB-6DF8FD08B515}.Debug|Any CPU.ActiveCfg = Debug|Any CPU
		{DE4C51D7-1D5E-407D-A8DB-6DF8FD08B515}.Debug|Any CPU.Build.0 = Debug|Any CPU
		{DE4C51D7-1D5E-407D-A8DB-6DF8FD08B515}.Release|Any CPU.ActiveCfg = Release|Any CPU
		{DE4C51D7-1D5E-407D-A8DB-6DF8FD08B515}.Release|Any CPU.Build.0 = Release|Any CPU
	EndGlobalSection
	GlobalSection(SolutionProperties) = preSolution
		HideSolutionNode = FALSE
	EndGlobalSection
	GlobalSection(ExtensibilityGlobals) = postSolution
		SolutionGuid = {98AF0773-C286-42C4-875D-C50679168567}
	EndGlobalSection
EndGlobal
